
Microsoft Visual Studio Solution File, Format Version 12.00
# Visual Studio Version 16
VisualStudioVersion = 16.0.32002.261
MinimumVisualStudioVersion = 10.0.40219.1
Project("{FAE04EC0-301F-11D3-BF4B-00C04F79EFBC}") = "FTR_Utils", "FTR_Utils.csproj", "{463C7111-4329-40D5-8FD6-02ECE5940B86}"
EndProject
Global
	GlobalSection(SolutionConfigurationPlatforms) = preSolution
		Debug|Any CPU = Debug|Any CPU
		Release|Any CPU = Release|Any CPU
	EndGlobalSection
	GlobalSection(ProjectConfigurationPlatforms) = postSolution
		{463C7111-4329-40D5-8FD6-02ECE5940B86}.Debug|Any CPU.ActiveCfg = Debug|Any CPU
		{463C7111-4329-40D5-8FD6-02ECE5940B86}.Debug|Any CPU.Build.0 = Debug|Any CPU
		{463C7111-4329-40D5-8FD6-02ECE5940B86}.Release|Any CPU.ActiveCfg = Release|Any CPU
		{463C7111-4329-40D5-8FD6-02ECE5940B86}.Release|Any CPU.Build.0 = Release|Any CPU
	EndGlobalSection
	GlobalSection(SolutionProperties) = preSolution
		HideSolutionNode = FALSE
	EndGlobalSection
	GlobalSection(ExtensibilityGlobals) = postSolution
		SolutionGuid = {964F0EB3-7205-4F56-9BDC-72495307F76E}
	EndGlobalSection
EndGlobal
